
Microsoft Visual Studio Solution File, Format Version 12.00
# Visual Studio 14
VisualStudioVersion = 14.0.23107.0
MinimumVisualStudioVersion = 10.0.40219.1
Project("{FAE04EC0-301F-11D3-BF4B-00C04F79EFBC}") = "BusinessEntities", "BusinessEntities\BusinessEntities.csproj", "{061A698A-0B79-494D-A656-BF9A388CDAD4}"
EndProject
Project("{FAE04EC0-301F-11D3-BF4B-00C04F79EFBC}") = "BusinessLogic", "BusinessLogic\BusinessLogic.csproj", "{8424B331-B7DA-458B-B8F3-066DD1A42130}"
EndProject
Project("{FAE04EC0-301F-11D3-BF4B-00C04F79EFBC}") = "Controller", "Controller\Controller.csproj", "{CCB46BFE-CBED-4DDF-A35C-16E7D426C9C9}"
EndProject
Project("{FAE04EC0-301F-11D3-BF4B-00C04F79EFBC}") = "Common", "Common\Common.csproj", "{B5F61B17-8F54-47BA-AB3C-EF8B07C2C470}"
EndProject
Project("{FAE04EC0-301F-11D3-BF4B-00C04F79EFBC}") = "DataAccessLayer", "DataAccessLayer\DataAccessLayer.csproj", "{F99A3B65-DE15-4CBF-A0E4-B904BD0A0B4C}"
EndProject
Project("{FAE04EC0-301F-11D3-BF4B-00C04F79EFBC}") = "TestHRApplication", "TestHRApplication\TestHRApplication.csproj", "{9747C11C-3277-430F-9435-BD9C7AF9E005}"
EndProject
Project("{FAE04EC0-301F-11D3-BF4B-00C04F79EFBC}") = "WebUI", "WebUI\WebUI.csproj", "{8DD78793-ACC0-4E92-A18C-EBF592945AC8}"
EndProject
Global
	GlobalSection(SolutionConfigurationPlatforms) = preSolution
		Debug|Any CPU = Debug|Any CPU
		Debug|x86 = Debug|x86
		Release|Any CPU = Release|Any CPU
		Release|x86 = Release|x86
	EndGlobalSection
	GlobalSection(ProjectConfigurationPlatforms) = postSolution
		{061A698A-0B79-494D-A656-BF9A388CDAD4}.Debug|Any CPU.ActiveCfg = Debug|Any CPU
		{061A698A-0B79-494D-A656-BF9A388CDAD4}.Debug|Any CPU.Build.0 = Debug|Any CPU
		{061A698A-0B79-494D-A656-BF9A388CDAD4}.Debug|x86.ActiveCfg = Debug|Any CPU
		{061A698A-0B79-494D-A656-BF9A388CDAD4}.Debug|x86.Build.0 = Debug|Any CPU
		{061A698A-0B79-494D-A656-BF9A388CDAD4}.Release|Any CPU.ActiveCfg = Release|Any CPU
		{061A698A-0B79-494D-A656-BF9A388CDAD4}.Release|Any CPU.Build.0 = Release|Any CPU
		{061A698A-0B79-494D-A656-BF9A388CDAD4}.Release|x86.ActiveCfg = Release|Any CPU
		{061A698A-0B79-494D-A656-BF9A388CDAD4}.Release|x86.Build.0 = Release|Any CPU
		{8424B331-B7DA-458B-B8F3-066DD1A42130}.Debug|Any CPU.ActiveCfg = Debug|Any CPU
		{8424B331-B7DA-458B-B8F3-066DD1A42130}.Debug|Any CPU.Build.0 = Debug|Any CPU
		{8424B331-B7DA-458B-B8F3-066DD1A42130}.Debug|x86.ActiveCfg = Debug|Any CPU
		{8424B331-B7DA-458B-B8F3-066DD1A42130}.Debug|x86.Build.0 = Debug|Any CPU
		{8424B331-B7DA-458B-B8F3-066DD1A42130}.Release|Any CPU.ActiveCfg = Release|Any CPU
		{8424B331-B7DA-458B-B8F3-066DD1A42130}.Release|Any CPU.Build.0 = Release|Any CPU
		{8424B331-B7DA-458B-B8F3-066DD1A42130}.Release|x86.ActiveCfg = Release|Any CPU
		{8424B331-B7DA-458B-B8F3-066DD1A42130}.Release|x86.Build.0 = Release|Any CPU
		{CCB46BFE-CBED-4DDF-A35C-16E7D426C9C9}.Debug|Any CPU.ActiveCfg = Debug|Any CPU
		{CCB46BFE-CBED-4DDF-A35C-16E7D426C9C9}.Debug|Any CPU.Build.0 = Debug|Any CPU
		{CCB46BFE-CBED-4DDF-A35C-16E7D426C9C9}.Debug|x86.ActiveCfg = Debug|Any CPU
		{CCB46BFE-CBED-4DDF-A35C-16E7D426C9C9}.Debug|x86.Build.0 = Debug|Any CPU
		{CCB46BFE-CBED-4DDF-A35C-16E7D426C9C9}.Release|Any CPU.ActiveCfg = Release|Any CPU
		{CCB46BFE-CBED-4DDF-A35C-16E7D426C9C9}.Release|Any CPU.Build.0 = Release|Any CPU
		{CCB46BFE-CBED-4DDF-A35C-16E7D426C9C9}.Release|x86.ActiveCfg = Release|Any CPU
		{CCB46BFE-CBED-4DDF-A35C-16E7D426C9C9}.Release|x86.Build.0 = Release|Any CPU
		{B5F61B17-8F54-47BA-AB3C-EF8B07C2C470}.Debug|Any CPU.ActiveCfg = Debug|Any CPU
		{B5F61B17-8F54-47BA-AB3C-EF8B07C2C470}.Debug|Any CPU.Build.0 = Debug|Any CPU
		{B5F61B17-8F54-47BA-AB3C-EF8B07C2C470}.Debug|x86.ActiveCfg = Debug|Any CPU
		{B5F61B17-8F54-47BA-AB3C-EF8B07C2C470}.Debug|x86.Build.0 = Debug|Any CPU
		{B5F61B17-8F54-47BA-AB3C-EF8B07C2C470}.Release|Any CPU.ActiveCfg = Release|Any CPU
		{B5F61B17-8F54-47BA-AB3C-EF8B07C2C470}.Release|Any CPU.Build.0 = Release|Any CPU
		{B5F61B17-8F54-47BA-AB3C-EF8B07C2C470}.Release|x86.ActiveCfg = Release|Any CPU
		{B5F61B17-8F54-47BA-AB3C-EF8B07C2C470}.Release|x86.Build.0 = Release|Any CPU
		{F99A3B65-DE15-4CBF-A0E4-B904BD0A0B4C}.Debug|Any CPU.ActiveCfg = Debug|Any CPU
		{F99A3B65-DE15-4CBF-A0E4-B904BD0A0B4C}.Debug|Any CPU.Build.0 = Debug|Any CPU
		{F99A3B65-DE15-4CBF-A0E4-B904BD0A0B4C}.Debug|x86.ActiveCfg = Debug|Any CPU
		{F99A3B65-DE15-4CBF-A0E4-B904BD0A0B4C}.Debug|x86.Build.0 = Debug|Any CPU
		{F99A3B65-DE15-4CBF-A0E4-B904BD0A0B4C}.Release|Any CPU.ActiveCfg = Release|Any CPU
		{F99A3B65-DE15-4CBF-A0E4-B904BD0A0B4C}.Release|Any CPU.Build.0 = Release|Any CPU
		{F99A3B65-DE15-4CBF-A0E4-B904BD0A0B4C}.Release|x86.ActiveCfg = Release|Any CPU
		{F99A3B65-DE15-4CBF-A0E4-B904BD0A0B4C}.Release|x86.Build.0 = Release|Any CPU
		{9747C11C-3277-430F-9435-BD9C7AF9E005}.Debug|Any CPU.ActiveCfg = Debug|Any CPU
		{9747C11C-3277-430F-9435-BD9C7AF9E005}.Debug|Any CPU.Build.0 = Debug|Any CPU
		{9747C11C-3277-430F-9435-BD9C7AF9E005}.Debug|x86.ActiveCfg = Debug|Any CPU
		{9747C11C-3277-430F-9435-BD9C7AF9E005}.Debug|x86.Build.0 = Debug|Any CPU
		{9747C11C-3277-430F-9435-BD9C7AF9E005}.Release|Any CPU.ActiveCfg = Release|Any CPU
		{9747C11C-3277-430F-9435-BD9C7AF9E005}.Release|Any CPU.Build.0 = Release|Any CPU
		{9747C11C-3277-430F-9435-BD9C7AF9E005}.Release|x86.ActiveCfg = Release|Any CPU
		{9747C11C-3277-430F-9435-BD9C7AF9E005}.Release|x86.Build.0 = Release|Any CPU
		{8DD78793-ACC0-4E92-A18C-EBF592945AC8}.Debug|Any CPU.ActiveCfg = Debug|Any CPU
		{8DD78793-ACC0-4E92-A18C-EBF592945AC8}.Debug|Any CPU.Build.0 = Debug|Any CPU
		{8DD78793-ACC0-4E92-A18C-EBF592945AC8}.Debug|x86.ActiveCfg = Debug|Any CPU
		{8DD78793-ACC0-4E92-A18C-EBF592945AC8}.Debug|x86.Build.0 = Debug|Any CPU
		{8DD78793-ACC0-4E92-A18C-EBF592945AC8}.Release|Any CPU.ActiveCfg = Release|Any CPU
		{8DD78793-ACC0-4E92-A18C-EBF592945AC8}.Release|Any CPU.Build.0 = Release|Any CPU
		{8DD78793-ACC0-4E92-A18C-EBF592945AC8}.Release|x86.ActiveCfg = Release|Any CPU
		{8DD78793-ACC0-4E92-A18C-EBF592945AC8}.Release|x86.Build.0 = Release|Any CPU
	EndGlobalSection
	GlobalSection(SolutionProperties) = preSolution
		HideSolutionNode = FALSE
	EndGlobalSection
EndGlobal
